
Microsoft Visual Studio Solution File, Format Version 12.00
# Visual Studio Version 17
VisualStudioVersion = 17.6.33815.320
MinimumVisualStudioVersion = 10.0.40219.1
Project("{FAE04EC0-301F-11D3-BF4B-00C04F79EFBC}") = "MvcKutuphane", "MvcKutuphane\MvcKutuphane.csproj", "{47FF9112-3F13-4F90-A60E-C2B7972AA2CC}"
EndProject
Global
	GlobalSection(SolutionConfigurationPlatforms) = preSolution
		Debug|Any CPU = Debug|Any CPU
		Release|Any CPU = Release|Any CPU
	EndGlobalSection
	GlobalSection(ProjectConfigurationPlatforms) = postSolution
		{47FF9112-3F13-4F90-A60E-C2B7972AA2CC}.Debug|Any CPU.ActiveCfg = Debug|Any CPU
		{47FF9112-3F13-4F90-A60E-C2B7972AA2CC}.Debug|Any CPU.Build.0 = Debug|Any CPU
		{47FF9112-3F13-4F90-A60E-C2B7972AA2CC}.Release|Any CPU.ActiveCfg = Release|Any CPU
		{47FF9112-3F13-4F90-A60E-C2B7972AA2CC}.Release|Any CPU.Build.0 = Release|Any CPU
	EndGlobalSection
	GlobalSection(SolutionProperties) = preSolution
		HideSolutionNode = FALSE
	EndGlobalSection
	GlobalSection(ExtensibilityGlobals) = postSolution
		SolutionGuid = {D74E9C6C-804A-4FA4-AC0A-E3C963835FFC}
	EndGlobalSection
EndGlobal
